// !$*UTF8*$!
{
	archiveVersion = 1;
	classes = {
	};
	objectVersion = 55;
	objects = {

/* Begin PBXBuildFile section */
		68066DE429249EDE009C27D0 /* Model.swift in Sources */ = {isa = PBXBuildFile; fileRef = 68066DE329249EDE009C27D0 /* Model.swift */; };
		68181455294A024C00A165EF /* SettingsViewController.swift in Sources */ = {isa = PBXBuildFile; fileRef = 68181454294A024C00A165EF /* SettingsViewController.swift */; };
		68181457294A034400A165EF /* ActivityModeView.swift in Sources */ = {isa = PBXBuildFile; fileRef = 68181456294A034400A165EF /* ActivityModeView.swift */; };
		6819EF0D294F055400D80F39 /* AddNewProductViewController.swift in Sources */ = {isa = PBXBuildFile; fileRef = 6819EF0C294F055400D80F39 /* AddNewProductViewController.swift */; };
		6819EF0F294F061300D80F39 /* LabelTextFieldView.swift in Sources */ = {isa = PBXBuildFile; fileRef = 6819EF0E294F061300D80F39 /* LabelTextFieldView.swift */; };
		682F59502950766200FED51D /* LocalState.swift in Sources */ = {isa = PBXBuildFile; fileRef = 682F594F2950766200FED51D /* LocalState.swift */; };
		682F59522950BDEE00FED51D /* StatisticsViewController.swift in Sources */ = {isa = PBXBuildFile; fileRef = 682F59512950BDEE00FED51D /* StatisticsViewController.swift */; };
		682F59542950C25800FED51D /* StatisticCell.swift in Sources */ = {isa = PBXBuildFile; fileRef = 682F59532950C25800FED51D /* StatisticCell.swift */; };
		683C70EA294B1D4000009BF8 /* K.swift in Sources */ = {isa = PBXBuildFile; fileRef = 683C70E9294B1D4000009BF8 /* K.swift */; };
		684E3A20295036B40011ECCD /* DataModel.xcdatamodeld in Sources */ = {isa = PBXBuildFile; fileRef = 684E3A1E295036B40011ECCD /* DataModel.xcdatamodeld */; };
		689B2F9A2920B2C100302362 /* AppDelegate.swift in Sources */ = {isa = PBXBuildFile; fileRef = 689B2F992920B2C100302362 /* AppDelegate.swift */; };
		689B2F9E2920B2C100302362 /* DayStatisticsViewController.swift in Sources */ = {isa = PBXBuildFile; fileRef = 689B2F9D2920B2C100302362 /* DayStatisticsViewController.swift */; };
		689B2FA32920B2C300302362 /* Assets.xcassets in Resources */ = {isa = PBXBuildFile; fileRef = 689B2FA22920B2C300302362 /* Assets.xcassets */; };
		689B2FA62920B2C300302362 /* LaunchScreen.storyboard in Resources */ = {isa = PBXBuildFile; fileRef = 689B2FA42920B2C300302362 /* LaunchScreen.storyboard */; };
		689B2FAF2920B7C700302362 /* Factory.swift in Sources */ = {isa = PBXBuildFile; fileRef = 689B2FAE2920B7C700302362 /* Factory.swift */; };
		689B2FB12920B99900302362 /* CircularProgressView.swift in Sources */ = {isa = PBXBuildFile; fileRef = 689B2FB02920B99900302362 /* CircularProgressView.swift */; };
		689B2FB32920B9C200302362 /* NutrientCircularProgressView.swift in Sources */ = {isa = PBXBuildFile; fileRef = 689B2FB22920B9C200302362 /* NutrientCircularProgressView.swift */; };
		689B2FB52920B9EF00302362 /* NutrientProgressBarView.swift in Sources */ = {isa = PBXBuildFile; fileRef = 689B2FB42920B9EF00302362 /* NutrientProgressBarView.swift */; };
		689B2FB72920BA0B00302362 /* DayProgressComponent.swift in Sources */ = {isa = PBXBuildFile; fileRef = 689B2FB62920BA0B00302362 /* DayProgressComponent.swift */; };
		689B2FB92920BB3000302362 /* ConsumedProductCell.swift in Sources */ = {isa = PBXBuildFile; fileRef = 689B2FB82920BB3000302362 /* ConsumedProductCell.swift */; };
		689B2FBD2920BDCA00302362 /* MainTabBarController.swift in Sources */ = {isa = PBXBuildFile; fileRef = 689B2FBC2920BDCA00302362 /* MainTabBarController.swift */; };
		689B2FC12920C08400302362 /* ProductListViewController.swift in Sources */ = {isa = PBXBuildFile; fileRef = 689B2FC02920C08400302362 /* ProductListViewController.swift */; };
		689B2FC32920D20300302362 /* AddProductCell.swift in Sources */ = {isa = PBXBuildFile; fileRef = 689B2FC22920D20300302362 /* AddProductCell.swift */; };
		68B04D7B29253ECF00C56932 /* ProductInfroViewController.swift in Sources */ = {isa = PBXBuildFile; fileRef = 68B04D7A29253ECF00C56932 /* ProductInfroViewController.swift */; };
		68B04D7D2925425000C56932 /* NutrientView+Info.swift in Sources */ = {isa = PBXBuildFile; fileRef = 68B04D7C2925425000C56932 /* NutrientView+Info.swift */; };
/* End PBXBuildFile section */

/* Begin PBXFileReference section */
		68066DE329249EDE009C27D0 /* Model.swift */ = {isa = PBXFileReference; lastKnownFileType = sourcecode.swift; path = Model.swift; sourceTree = "<group>"; };
		68181454294A024C00A165EF /* SettingsViewController.swift */ = {isa = PBXFileReference; lastKnownFileType = sourcecode.swift; path = SettingsViewController.swift; sourceTree = "<group>"; };
		68181456294A034400A165EF /* ActivityModeView.swift */ = {isa = PBXFileReference; lastKnownFileType = sourcecode.swift; path = ActivityModeView.swift; sourceTree = "<group>"; };
		6819EF0C294F055400D80F39 /* AddNewProductViewController.swift */ = {isa = PBXFileReference; lastKnownFileType = sourcecode.swift; path = AddNewProductViewController.swift; sourceTree = "<group>"; };
		6819EF0E294F061300D80F39 /* LabelTextFieldView.swift */ = {isa = PBXFileReference; lastKnownFileType = sourcecode.swift; path = LabelTextFieldView.swift; sourceTree = "<group>"; };
		682F594F2950766200FED51D /* LocalState.swift */ = {isa = PBXFileReference; lastKnownFileType = sourcecode.swift; path = LocalState.swift; sourceTree = "<group>"; };
		682F59512950BDEE00FED51D /* StatisticsViewController.swift */ = {isa = PBXFileReference; lastKnownFileType = sourcecode.swift; path = StatisticsViewController.swift; sourceTree = "<group>"; };
		682F59532950C25800FED51D /* StatisticCell.swift */ = {isa = PBXFileReference; lastKnownFileType = sourcecode.swift; path = StatisticCell.swift; sourceTree = "<group>"; };
		683C70E9294B1D4000009BF8 /* K.swift */ = {isa = PBXFileReference; lastKnownFileType = sourcecode.swift; path = K.swift; sourceTree = "<group>"; };
		684E3A1F295036B40011ECCD /* DataModel.xcdatamodel */ = {isa = PBXFileReference; lastKnownFileType = wrapper.xcdatamodel; path = DataModel.xcdatamodel; sourceTree = "<group>"; };
		689B2F962920B2C100302362 /* Flynutrition.app */ = {isa = PBXFileReference; explicitFileType = wrapper.application; includeInIndex = 0; path = Flynutrition.app; sourceTree = BUILT_PRODUCTS_DIR; };
		689B2F992920B2C100302362 /* AppDelegate.swift */ = {isa = PBXFileReference; lastKnownFileType = sourcecode.swift; path = AppDelegate.swift; sourceTree = "<group>"; };
		689B2F9D2920B2C100302362 /* DayStatisticsViewController.swift */ = {isa = PBXFileReference; lastKnownFileType = sourcecode.swift; path = DayStatisticsViewController.swift; sourceTree = "<group>"; };
		689B2FA22920B2C300302362 /* Assets.xcassets */ = {isa = PBXFileReference; lastKnownFileType = folder.assetcatalog; path = Assets.xcassets; sourceTree = "<group>"; };
		689B2FA52920B2C300302362 /* Base */ = {isa = PBXFileReference; lastKnownFileType = file.storyboard; name = Base; path = Base.lproj/LaunchScreen.storyboard; sourceTree = "<group>"; };
		689B2FA72920B2C300302362 /* Info.plist */ = {isa = PBXFileReference; lastKnownFileType = text.plist.xml; path = Info.plist; sourceTree = "<group>"; };
		689B2FAE2920B7C700302362 /* Factory.swift */ = {isa = PBXFileReference; lastKnownFileType = sourcecode.swift; path = Factory.swift; sourceTree = "<group>"; };
		689B2FB02920B99900302362 /* CircularProgressView.swift */ = {isa = PBXFileReference; lastKnownFileType = sourcecode.swift; path = CircularProgressView.swift; sourceTree = "<group>"; };
		689B2FB22920B9C200302362 /* NutrientCircularProgressView.swift */ = {isa = PBXFileReference; lastKnownFileType = sourcecode.swift; path = NutrientCircularProgressView.swift; sourceTree = "<group>"; };
		689B2FB42920B9EF00302362 /* NutrientProgressBarView.swift */ = {isa = PBXFileReference; lastKnownFileType = sourcecode.swift; path = NutrientProgressBarView.swift; sourceTree = "<group>"; };
		689B2FB62920BA0B00302362 /* DayProgressComponent.swift */ = {isa = PBXFileReference; lastKnownFileType = sourcecode.swift; path = DayProgressComponent.swift; sourceTree = "<group>"; };
		689B2FB82920BB3000302362 /* ConsumedProductCell.swift */ = {isa = PBXFileReference; lastKnownFileType = sourcecode.swift; path = ConsumedProductCell.swift; sourceTree = "<group>"; };
		689B2FBC2920BDCA00302362 /* MainTabBarController.swift */ = {isa = PBXFileReference; lastKnownFileType = sourcecode.swift; path = MainTabBarController.swift; sourceTree = "<group>"; };
		689B2FC02920C08400302362 /* ProductListViewController.swift */ = {isa = PBXFileReference; lastKnownFileType = sourcecode.swift; path = ProductListViewController.swift; sourceTree = "<group>"; };
		689B2FC22920D20300302362 /* AddProductCell.swift */ = {isa = PBXFileReference; lastKnownFileType = sourcecode.swift; path = AddProductCell.swift; sourceTree = "<group>"; };
		68B04D7A29253ECF00C56932 /* ProductInfroViewController.swift */ = {isa = PBXFileReference; lastKnownFileType = sourcecode.swift; path = ProductInfroViewController.swift; sourceTree = "<group>"; };
		68B04D7C2925425000C56932 /* NutrientView+Info.swift */ = {isa = PBXFileReference; lastKnownFileType = sourcecode.swift; path = "NutrientView+Info.swift"; sourceTree = "<group>"; };
/* End PBXFileReference section */

/* Begin PBXFrameworksBuildPhase section */
		689B2F932920B2C100302362 /* Frameworks */ = {
			isa = PBXFrameworksBuildPhase;
			buildActionMask = 2147483647;
			files = (
			);
			runOnlyForDeploymentPostprocessing = 0;
		};
/* End PBXFrameworksBuildPhase section */

/* Begin PBXGroup section */
		689B2F8D2920B2C100302362 = {
			isa = PBXGroup;
			children = (
				689B2F982920B2C100302362 /* Flynutrition */,
				689B2F972920B2C100302362 /* Products */,
			);
			sourceTree = "<group>";
		};
		689B2F972920B2C100302362 /* Products */ = {
			isa = PBXGroup;
			children = (
				689B2F962920B2C100302362 /* Flynutrition.app */,
			);
			name = Products;
			sourceTree = "<group>";
		};
		689B2F982920B2C100302362 /* Flynutrition */ = {
			isa = PBXGroup;
			children = (
				689B2F992920B2C100302362 /* AppDelegate.swift */,
				684E3A1E295036B40011ECCD /* DataModel.xcdatamodeld */,
				689B2FBC2920BDCA00302362 /* MainTabBarController.swift */,
				689B2F9D2920B2C100302362 /* DayStatisticsViewController.swift */,
				689B2FC02920C08400302362 /* ProductListViewController.swift */,
				6819EF0C294F055400D80F39 /* AddNewProductViewController.swift */,
				6819EF0E294F061300D80F39 /* LabelTextFieldView.swift */,
				68B04D7A29253ECF00C56932 /* ProductInfroViewController.swift */,
				68181454294A024C00A165EF /* SettingsViewController.swift */,
				68181456294A034400A165EF /* ActivityModeView.swift */,
				68066DE329249EDE009C27D0 /* Model.swift */,
				689B2FAE2920B7C700302362 /* Factory.swift */,
				689B2FBB2920BBA100302362 /* Cells */,
				689B2FBA2920BB7700302362 /* DayProgressComponentFiles */,
				689B2FAD2920B39400302362 /* Files */,
				68B04D7C2925425000C56932 /* NutrientView+Info.swift */,
				683C70E9294B1D4000009BF8 /* K.swift */,
				682F594F2950766200FED51D /* LocalState.swift */,
				682F59512950BDEE00FED51D /* StatisticsViewController.swift */,
				682F59532950C25800FED51D /* StatisticCell.swift */,
			);
			path = Flynutrition;
			sourceTree = "<group>";
		};
		689B2FAD2920B39400302362 /* Files */ = {
			isa = PBXGroup;
			children = (
				689B2FA22920B2C300302362 /* Assets.xcassets */,
				689B2FA42920B2C300302362 /* LaunchScreen.storyboard */,
				689B2FA72920B2C300302362 /* Info.plist */,
			);
			name = Files;
			sourceTree = "<group>";
		};
		689B2FBA2920BB7700302362 /* DayProgressComponentFiles */ = {
			isa = PBXGroup;
			children = (
				689B2FB02920B99900302362 /* CircularProgressView.swift */,
				689B2FB22920B9C200302362 /* NutrientCircularProgressView.swift */,
				689B2FB42920B9EF00302362 /* NutrientProgressBarView.swift */,
				689B2FB62920BA0B00302362 /* DayProgressComponent.swift */,
			);
			name = DayProgressComponentFiles;
			sourceTree = "<group>";
		};
		689B2FBB2920BBA100302362 /* Cells */ = {
			isa = PBXGroup;
			children = (
				689B2FB82920BB3000302362 /* ConsumedProductCell.swift */,
				689B2FC22920D20300302362 /* AddProductCell.swift */,
			);
			name = Cells;
			sourceTree = "<group>";
		};
/* End PBXGroup section */

/* Begin PBXNativeTarget section */
		689B2F952920B2C100302362 /* Flynutrition */ = {
			isa = PBXNativeTarget;
			buildConfigurationList = 689B2FAA2920B2C300302362 /* Build configuration list for PBXNativeTarget "Flynutrition" */;
			buildPhases = (
				689B2F922920B2C100302362 /* Sources */,
				689B2F932920B2C100302362 /* Frameworks */,
				689B2F942920B2C100302362 /* Resources */,
			);
			buildRules = (
			);
			dependencies = (
			);
			name = Flynutrition;
			productName = Flynutrition;
			productReference = 689B2F962920B2C100302362 /* Flynutrition.app */;
			productType = "com.apple.product-type.application";
		};
/* End PBXNativeTarget section */

/* Begin PBXProject section */
		689B2F8E2920B2C100302362 /* Project object */ = {
			isa = PBXProject;
			attributes = {
				BuildIndependentTargetsInParallel = 1;
				LastSwiftUpdateCheck = 1340;
				LastUpgradeCheck = 1340;
				TargetAttributes = {
					689B2F952920B2C100302362 = {
						CreatedOnToolsVersion = 13.4;
					};
				};
			};
			buildConfigurationList = 689B2F912920B2C100302362 /* Build configuration list for PBXProject "Flynutrition" */;
			compatibilityVersion = "Xcode 13.0";
			developmentRegion = en;
			hasScannedForEncodings = 0;
			knownRegions = (
				en,
				Base,
			);
			mainGroup = 689B2F8D2920B2C100302362;
			productRefGroup = 689B2F972920B2C100302362 /* Products */;
			projectDirPath = "";
			projectRoot = "";
			targets = (
				689B2F952920B2C100302362 /* Flynutrition */,
			);
		};
/* End PBXProject section */

/* Begin PBXResourcesBuildPhase section */
		689B2F942920B2C100302362 /* Resources */ = {
			isa = PBXResourcesBuildPhase;
			buildActionMask = 2147483647;
			files = (
				689B2FA62920B2C300302362 /* LaunchScreen.storyboard in Resources */,
				689B2FA32920B2C300302362 /* Assets.xcassets in Resources */,
			);
			runOnlyForDeploymentPostprocessing = 0;
		};
/* End PBXResourcesBuildPhase section */

/* Begin PBXSourcesBuildPhase section */
		689B2F922920B2C100302362 /* Sources */ = {
			isa = PBXSourcesBuildPhase;
			buildActionMask = 2147483647;
			files = (
				689B2FC32920D20300302362 /* AddProductCell.swift in Sources */,
				682F59502950766200FED51D /* LocalState.swift in Sources */,
				684E3A20295036B40011ECCD /* DataModel.xcdatamodeld in Sources */,
				689B2FC12920C08400302362 /* ProductListViewController.swift in Sources */,
				689B2FB32920B9C200302362 /* NutrientCircularProgressView.swift in Sources */,
				682F59522950BDEE00FED51D /* StatisticsViewController.swift in Sources */,
				683C70EA294B1D4000009BF8 /* K.swift in Sources */,
				68B04D7D2925425000C56932 /* NutrientView+Info.swift in Sources */,
				68066DE429249EDE009C27D0 /* Model.swift in Sources */,
				68B04D7B29253ECF00C56932 /* ProductInfroViewController.swift in Sources */,
				68181455294A024C00A165EF /* SettingsViewController.swift in Sources */,
				689B2F9E2920B2C100302362 /* DayStatisticsViewController.swift in Sources */,
				689B2FBD2920BDCA00302362 /* MainTabBarController.swift in Sources */,
				689B2FB52920B9EF00302362 /* NutrientProgressBarView.swift in Sources */,
				682F59542950C25800FED51D /* StatisticCell.swift in Sources */,
				6819EF0D294F055400D80F39 /* AddNewProductViewController.swift in Sources */,
				6819EF0F294F061300D80F39 /* LabelTextFieldView.swift in Sources */,
				689B2FB92920BB3000302362 /* ConsumedProductCell.swift in Sources */,
				689B2F9A2920B2C100302362 /* AppDelegate.swift in Sources */,
				689B2FB12920B99900302362 /* CircularProgressView.swift in Sources */,
				689B2FB72920BA0B00302362 /* DayProgressComponent.swift in Sources */,
				68181457294A034400A165EF /* ActivityModeView.swift in Sources */,
				689B2FAF2920B7C700302362 /* Factory.swift in Sources */,
			);
			runOnlyForDeploymentPostprocessing = 0;
		};
/* End PBXSourcesBuildPhase section */

/* Begin PBXVariantGroup section */
		689B2FA42920B2C300302362 /* LaunchScreen.storyboard */ = {
			isa = PBXVariantGroup;
			children = (
				689B2FA52920B2C300302362 /* Base */,
			);
			name = LaunchScreen.storyboard;
			sourceTree = "<group>";
		};
/* End PBXVariantGroup section */

/* Begin XCBuildConfiguration section */
		689B2FA82920B2C300302362 /* Debug */ = {
			isa = XCBuildConfiguration;
			buildSettings = {
				ALWAYS_SEARCH_USER_PATHS = NO;
				CLANG_ANALYZER_NONNULL = YES;
				CLANG_ANALYZER_NUMBER_OBJECT_CONVERSION = YES_AGGRESSIVE;
				CLANG_CXX_LANGUAGE_STANDARD = "gnu++17";
				CLANG_ENABLE_MODULES = YES;
				CLANG_ENABLE_OBJC_ARC = YES;
				CLANG_ENABLE_OBJC_WEAK = YES;
				CLANG_WARN_BLOCK_CAPTURE_AUTORELEASING = YES;
				CLANG_WARN_BOOL_CONVERSION = YES;
				CLANG_WARN_COMMA = YES;
				CLANG_WARN_CONSTANT_CONVERSION = YES;
				CLANG_WARN_DEPRECATED_OBJC_IMPLEMENTATIONS = YES;
				CLANG_WARN_DIRECT_OBJC_ISA_USAGE = YES_ERROR;
				CLANG_WARN_DOCUMENTATION_COMMENTS = YES;
				CLANG_WARN_EMPTY_BODY = YES;
				CLANG_WARN_ENUM_CONVERSION = YES;
				CLANG_WARN_INFINITE_RECURSION = YES;
				CLANG_WARN_INT_CONVERSION = YES;
				CLANG_WARN_NON_LITERAL_NULL_CONVERSION = YES;
				CLANG_WARN_OBJC_IMPLICIT_RETAIN_SELF = YES;
				CLANG_WARN_OBJC_LITERAL_CONVERSION = YES;
				CLANG_WARN_OBJC_ROOT_CLASS = YES_ERROR;
				CLANG_WARN_QUOTED_INCLUDE_IN_FRAMEWORK_HEADER = YES;
				CLANG_WARN_RANGE_LOOP_ANALYSIS = YES;
				CLANG_WARN_STRICT_PROTOTYPES = YES;
				CLANG_WARN_SUSPICIOUS_MOVE = YES;
				CLANG_WARN_UNGUARDED_AVAILABILITY = YES_AGGRESSIVE;
				CLANG_WARN_UNREACHABLE_CODE = YES;
				CLANG_WARN__DUPLICATE_METHOD_MATCH = YES;
				COPY_PHASE_STRIP = NO;
				DEBUG_INFORMATION_FORMAT = dwarf;
				ENABLE_STRICT_OBJC_MSGSEND = YES;
				ENABLE_TESTABILITY = YES;
				GCC_C_LANGUAGE_STANDARD = gnu11;
				GCC_DYNAMIC_NO_PIC = NO;
				GCC_NO_COMMON_BLOCKS = YES;
				GCC_OPTIMIZATION_LEVEL = 0;
				GCC_PREPROCESSOR_DEFINITIONS = (
					"DEBUG=1",
					"$(inherited)",
				);
				GCC_WARN_64_TO_32_BIT_CONVERSION = YES;
				GCC_WARN_ABOUT_RETURN_TYPE = YES_ERROR;
				GCC_WARN_UNDECLARED_SELECTOR = YES;
				GCC_WARN_UNINITIALIZED_AUTOS = YES_AGGRESSIVE;
				GCC_WARN_UNUSED_FUNCTION = YES;
				GCC_WARN_UNUSED_VARIABLE = YES;
				IPHONEOS_DEPLOYMENT_TARGET = 15.4;
				MTL_ENABLE_DEBUG_INFO = INCLUDE_SOURCE;
				MTL_FAST_MATH = YES;
				ONLY_ACTIVE_ARCH = YES;
				SDKROOT = iphoneos;
				SWIFT_ACTIVE_COMPILATION_CONDITIONS = DEBUG;
				SWIFT_OPTIMIZATION_LEVEL = "-Onone";
			};
			name = Debug;
		};
		689B2FA92920B2C300302362 /* Release */ = {
			isa = XCBuildConfiguration;
			buildSettings = {
				ALWAYS_SEARCH_USER_PATHS = NO;
				CLANG_ANALYZER_NONNULL = YES;
				CLANG_ANALYZER_NUMBER_OBJECT_CONVERSION = YES_AGGRESSIVE;
				CLANG_CXX_LANGUAGE_STANDARD = "gnu++17";
				CLANG_ENABLE_MODULES = YES;
				CLANG_ENABLE_OBJC_ARC = YES;
				CLANG_ENABLE_OBJC_WEAK = YES;
				CLANG_WARN_BLOCK_CAPTURE_AUTORELEASING = YES;
				CLANG_WARN_BOOL_CONVERSION = YES;
				CLANG_WARN_COMMA = YES;
				CLANG_WARN_CONSTANT_CONVERSION = YES;
				CLANG_WARN_DEPRECATED_OBJC_IMPLEMENTATIONS = YES;
				CLANG_WARN_DIRECT_OBJC_ISA_USAGE = YES_ERROR;
				CLANG_WARN_DOCUMENTATION_COMMENTS = YES;
				CLANG_WARN_EMPTY_BODY = YES;
				CLANG_WARN_ENUM_CONVERSION = YES;
				CLANG_WARN_INFINITE_RECURSION = YES;
				CLANG_WARN_INT_CONVERSION = YES;
				CLANG_WARN_NON_LITERAL_NULL_CONVERSION = YES;
				CLANG_WARN_OBJC_IMPLICIT_RETAIN_SELF = YES;
				CLANG_WARN_OBJC_LITERAL_CONVERSION = YES;
				CLANG_WARN_OBJC_ROOT_CLASS = YES_ERROR;
				CLANG_WARN_QUOTED_INCLUDE_IN_FRAMEWORK_HEADER = YES;
				CLANG_WARN_RANGE_LOOP_ANALYSIS = YES;
				CLANG_WARN_STRICT_PROTOTYPES = YES;
				CLANG_WARN_SUSPICIOUS_MOVE = YES;
				CLANG_WARN_UNGUARDED_AVAILABILITY = YES_AGGRESSIVE;
				CLANG_WARN_UNREACHABLE_CODE = YES;
				CLANG_WARN__DUPLICATE_METHOD_MATCH = YES;
				COPY_PHASE_STRIP = NO;
				DEBUG_INFORMATION_FORMAT = "dwarf-with-dsym";
				ENABLE_NS_ASSERTIONS = NO;
				ENABLE_STRICT_OBJC_MSGSEND = YES;
				GCC_C_LANGUAGE_STANDARD = gnu11;
				GCC_NO_COMMON_BLOCKS = YES;
				GCC_WARN_64_TO_32_BIT_CONVERSION = YES;
				GCC_WARN_ABOUT_RETURN_TYPE = YES_ERROR;
				GCC_WARN_UNDECLARED_SELECTOR = YES;
				GCC_WARN_UNINITIALIZED_AUTOS = YES_AGGRESSIVE;
				GCC_WARN_UNUSED_FUNCTION = YES;
				GCC_WARN_UNUSED_VARIABLE = YES;
				IPHONEOS_DEPLOYMENT_TARGET = 15.4;
				MTL_ENABLE_DEBUG_INFO = NO;
				MTL_FAST_MATH = YES;
				SDKROOT = iphoneos;
				SWIFT_COMPILATION_MODE = wholemodule;
				SWIFT_OPTIMIZATION_LEVEL = "-O";
				VALIDATE_PRODUCT = YES;
			};
			name = Release;
		};
		689B2FAB2920B2C300302362 /* Debug */ = {
			isa = XCBuildConfiguration;
			buildSettings = {
				ASSETCATALOG_COMPILER_APPICON_NAME = AppIcon;
				ASSETCATALOG_COMPILER_GLOBAL_ACCENT_COLOR_NAME = AccentColor;
				CODE_SIGN_STYLE = Automatic;
				CURRENT_PROJECT_VERSION = 1;
				DEVELOPMENT_TEAM = 3F7BDN63CA;
				GENERATE_INFOPLIST_FILE = YES;
				INFOPLIST_FILE = Flynutrition/Info.plist;
				INFOPLIST_KEY_LSApplicationCategoryType = "";
				INFOPLIST_KEY_UIApplicationSupportsIndirectInputEvents = YES;
				INFOPLIST_KEY_UILaunchStoryboardName = LaunchScreen;
				INFOPLIST_KEY_UISupportedInterfaceOrientations = UIInterfaceOrientationPortrait;
				INFOPLIST_KEY_UISupportedInterfaceOrientations_iPad = "UIInterfaceOrientationPortrait UIInterfaceOrientationPortraitUpsideDown UIInterfaceOrientationLandscapeLeft UIInterfaceOrientationLandscapeRight";
				INFOPLIST_KEY_UISupportedInterfaceOrientations_iPhone = UIInterfaceOrientationPortrait;
				LD_RUNPATH_SEARCH_PATHS = (
					"$(inherited)",
					"@executable_path/Frameworks",
				);
				MARKETING_VERSION = 1.0;
				PRODUCT_BUNDLE_IDENTIFIER = com.damiraliyev.Flynutrition;
				PRODUCT_NAME = "$(TARGET_NAME)";
				SWIFT_EMIT_LOC_STRINGS = YES;
				SWIFT_VERSION = 5.0;
				TARGETED_DEVICE_FAMILY = "1,2";
			};
			name = Debug;
		};
		689B2FAC2920B2C300302362 /* Release */ = {
			isa = XCBuildConfiguration;
			buildSettings = {
				ASSETCATALOG_COMPILER_APPICON_NAME = AppIcon;
				ASSETCATALOG_COMPILER_GLOBAL_ACCENT_COLOR_NAME = AccentColor;
				CODE_SIGN_STYLE = Automatic;
				CURRENT_PROJECT_VERSION = 1;
				DEVELOPMENT_TEAM = 3F7BDN63CA;
				GENERATE_INFOPLIST_FILE = YES;
				INFOPLIST_FILE = Flynutrition/Info.plist;
				INFOPLIST_KEY_LSApplicationCategoryType = "";
				INFOPLIST_KEY_UIApplicationSupportsIndirectInputEvents = YES;
				INFOPLIST_KEY_UILaunchStoryboardName = LaunchScreen;
				INFOPLIST_KEY_UISupportedInterfaceOrientations = UIInterfaceOrientationPortrait;
				INFOPLIST_KEY_UISupportedInterfaceOrientations_iPad = "UIInterfaceOrientationPortrait UIInterfaceOrientationPortraitUpsideDown UIInterfaceOrientationLandscapeLeft UIInterfaceOrientationLandscapeRight";
				INFOPLIST_KEY_UISupportedInterfaceOrientations_iPhone = UIInterfaceOrientationPortrait;
				LD_RUNPATH_SEARCH_PATHS = (
					"$(inherited)",
					"@executable_path/Frameworks",
				);
				MARKETING_VERSION = 1.0;
				PRODUCT_BUNDLE_IDENTIFIER = com.damiraliyev.Flynutrition;
				PRODUCT_NAME = "$(TARGET_NAME)";
				SWIFT_EMIT_LOC_STRINGS = YES;
				SWIFT_VERSION = 5.0;
				TARGETED_DEVICE_FAMILY = "1,2";
			};
			name = Release;
		};
/* End XCBuildConfiguration section */

/* Begin XCConfigurationList section */
		689B2F912920B2C100302362 /* Build configuration list for PBXProject "Flynutrition" */ = {
			isa = XCConfigurationList;
			buildConfigurations = (
				689B2FA82920B2C300302362 /* Debug */,
				689B2FA92920B2C300302362 /* Release */,
			);
			defaultConfigurationIsVisible = 0;
			defaultConfigurationName = Release;
		};
		689B2FAA2920B2C300302362 /* Build configuration list for PBXNativeTarget "Flynutrition" */ = {
			isa = XCConfigurationList;
			buildConfigurations = (
				689B2FAB2920B2C300302362 /* Debug */,
				689B2FAC2920B2C300302362 /* Release */,
			);
			defaultConfigurationIsVisible = 0;
			defaultConfigurationName = Release;
		};
/* End XCConfigurationList section */

/* Begin XCVersionGroup section */
		684E3A1E295036B40011ECCD /* DataModel.xcdatamodeld */ = {
			isa = XCVersionGroup;
			children = (
				684E3A1F295036B40011ECCD /* DataModel.xcdatamodel */,
			);
			currentVersion = 684E3A1F295036B40011ECCD /* DataModel.xcdatamodel */;
			path = DataModel.xcdatamodeld;
			sourceTree = "<group>";
			versionGroupType = wrapper.xcdatamodel;
		};
/* End XCVersionGroup section */
	};
	rootObject = 689B2F8E2920B2C100302362 /* Project object */;
}
